// !$*UTF8*$!
{
	archiveVersion = 1;
	classes = {
	};
	objectVersion = 56;
	objects = {

/* Begin PBXBuildFile section */
		CDF1E3BD2A486FE800C24245 /* shruk_applicationApp.swift in Sources */ = {isa = PBXBuildFile; fileRef = CDF1E3BC2A486FE800C24245 /* shruk_applicationApp.swift */; };
		CDF1E3BF2A486FE800C24245 /* ContentView.swift in Sources */ = {isa = PBXBuildFile; fileRef = CDF1E3BE2A486FE800C24245 /* ContentView.swift */; };
		CDF1E3C12A486FE800C24245 /* Assets.xcassets in Resources */ = {isa = PBXBuildFile; fileRef = CDF1E3C02A486FE800C24245 /* Assets.xcassets */; };
		CDF1E3C42A486FE800C24245 /* Preview Assets.xcassets in Resources */ = {isa = PBXBuildFile; fileRef = CDF1E3C32A486FE800C24245 /* Preview Assets.xcassets */; };
		CDF1E3CE2A486FE900C24245 /* shruk_applicationTests.swift in Sources */ = {isa = PBXBuildFile; fileRef = CDF1E3CD2A486FE900C24245 /* shruk_applicationTests.swift */; };
		CDF1E3D82A486FE900C24245 /* shruk_applicationUITests.swift in Sources */ = {isa = PBXBuildFile; fileRef = CDF1E3D72A486FE900C24245 /* shruk_applicationUITests.swift */; };
		CDF1E3DA2A486FE900C24245 /* shruk_applicationUITestsLaunchTests.swift in Sources */ = {isa = PBXBuildFile; fileRef = CDF1E3D92A486FE900C24245 /* shruk_applicationUITestsLaunchTests.swift */; };
		CDF1E3EA2A48702100C24245 /* CellModel.swift in Sources */ = {isa = PBXBuildFile; fileRef = CDF1E3E92A48702100C24245 /* CellModel.swift */; };
		CDF1E3EC2A48709700C24245 /* CellViewModel.swift in Sources */ = {isa = PBXBuildFile; fileRef = CDF1E3EB2A48709700C24245 /* CellViewModel.swift */; };
		CDF1E3EE2A4870FD00C24245 /* SwiftUi + Ext.swift in Sources */ = {isa = PBXBuildFile; fileRef = CDF1E3ED2A4870FD00C24245 /* SwiftUi + Ext.swift */; };
/* End PBXBuildFile section */

/* Begin PBXContainerItemProxy section */
		CDF1E3CA2A486FE800C24245 /* PBXContainerItemProxy */ = {
			isa = PBXContainerItemProxy;
			containerPortal = CDF1E3B12A486FE800C24245 /* Project object */;
			proxyType = 1;
			remoteGlobalIDString = CDF1E3B82A486FE800C24245;
			remoteInfo = shruk_application;
		};
		CDF1E3D42A486FE900C24245 /* PBXContainerItemProxy */ = {
			isa = PBXContainerItemProxy;
			containerPortal = CDF1E3B12A486FE800C24245 /* Project object */;
			proxyType = 1;
			remoteGlobalIDString = CDF1E3B82A486FE800C24245;
			remoteInfo = shruk_application;
		};
/* End PBXContainerItemProxy section */

/* Begin PBXFileReference section */
		CDF1E3B92A486FE800C24245 /* shruk_application.app */ = {isa = PBXFileReference; explicitFileType = wrapper.application; includeInIndex = 0; path = shruk_application.app; sourceTree = BUILT_PRODUCTS_DIR; };
		CDF1E3BC2A486FE800C24245 /* shruk_applicationApp.swift */ = {isa = PBXFileReference; lastKnownFileType = sourcecode.swift; path = shruk_applicationApp.swift; sourceTree = "<group>"; };
		CDF1E3BE2A486FE800C24245 /* ContentView.swift */ = {isa = PBXFileReference; lastKnownFileType = sourcecode.swift; path = ContentView.swift; sourceTree = "<group>"; };
		CDF1E3C02A486FE800C24245 /* Assets.xcassets */ = {isa = PBXFileReference; lastKnownFileType = folder.assetcatalog; path = Assets.xcassets; sourceTree = "<group>"; };
		CDF1E3C32A486FE800C24245 /* Preview Assets.xcassets */ = {isa = PBXFileReference; lastKnownFileType = folder.assetcatalog; path = "Preview Assets.xcassets"; sourceTree = "<group>"; };
		CDF1E3C92A486FE800C24245 /* shruk_applicationTests.xctest */ = {isa = PBXFileReference; explicitFileType = wrapper.cfbundle; includeInIndex = 0; path = shruk_applicationTests.xctest; sourceTree = BUILT_PRODUCTS_DIR; };
		CDF1E3CD2A486FE900C24245 /* shruk_applicationTests.swift */ = {isa = PBXFileReference; lastKnownFileType = sourcecode.swift; path = shruk_applicationTests.swift; sourceTree = "<group>"; };
		CDF1E3D32A486FE900C24245 /* shruk_applicationUITests.xctest */ = {isa = PBXFileReference; explicitFileType = wrapper.cfbundle; includeInIndex = 0; path = shruk_applicationUITests.xctest; sourceTree = BUILT_PRODUCTS_DIR; };
		CDF1E3D72A486FE900C24245 /* shruk_applicationUITests.swift */ = {isa = PBXFileReference; lastKnownFileType = sourcecode.swift; path = shruk_applicationUITests.swift; sourceTree = "<group>"; };
		CDF1E3D92A486FE900C24245 /* shruk_applicationUITestsLaunchTests.swift */ = {isa = PBXFileReference; lastKnownFileType = sourcecode.swift; path = shruk_applicationUITestsLaunchTests.swift; sourceTree = "<group>"; };
		CDF1E3E92A48702100C24245 /* CellModel.swift */ = {isa = PBXFileReference; lastKnownFileType = sourcecode.swift; path = CellModel.swift; sourceTree = "<group>"; };
		CDF1E3EB2A48709700C24245 /* CellViewModel.swift */ = {isa = PBXFileReference; lastKnownFileType = sourcecode.swift; path = CellViewModel.swift; sourceTree = "<group>"; };
		CDF1E3ED2A4870FD00C24245 /* SwiftUi + Ext.swift */ = {isa = PBXFileReference; lastKnownFileType = sourcecode.swift; path = "SwiftUi + Ext.swift"; sourceTree = "<group>"; };
/* End PBXFileReference section */

/* Begin PBXFrameworksBuildPhase section */
		CDF1E3B62A486FE800C24245 /* Frameworks */ = {
			isa = PBXFrameworksBuildPhase;
			buildActionMask = 2147483647;
			files = (
			);
			runOnlyForDeploymentPostprocessing = 0;
		};
		CDF1E3C62A486FE800C24245 /* Frameworks */ = {
			isa = PBXFrameworksBuildPhase;
			buildActionMask = 2147483647;
			files = (
			);
			runOnlyForDeploymentPostprocessing = 0;
		};
		CDF1E3D02A486FE900C24245 /* Frameworks */ = {
			isa = PBXFrameworksBuildPhase;
			buildActionMask = 2147483647;
			files = (
			);
			runOnlyForDeploymentPostprocessing = 0;
		};
/* End PBXFrameworksBuildPhase section */

/* Begin PBXGroup section */
		CDF1E3B02A486FE800C24245 = {
			isa = PBXGroup;
			children = (
				CDF1E3BB2A486FE800C24245 /* shruk_application */,
				CDF1E3CC2A486FE900C24245 /* shruk_applicationTests */,
				CDF1E3D62A486FE900C24245 /* shruk_applicationUITests */,
				CDF1E3BA2A486FE800C24245 /* Products */,
			);
			sourceTree = "<group>";
		};
		CDF1E3BA2A486FE800C24245 /* Products */ = {
			isa = PBXGroup;
			children = (
				CDF1E3B92A486FE800C24245 /* shruk_application.app */,
				CDF1E3C92A486FE800C24245 /* shruk_applicationTests.xctest */,
				CDF1E3D32A486FE900C24245 /* shruk_applicationUITests.xctest */,
			);
			name = Products;
			sourceTree = "<group>";
		};
		CDF1E3BB2A486FE800C24245 /* shruk_application */ = {
			isa = PBXGroup;
			children = (
				CDF1E3E82A48701200C24245 /* Views */,
				CDF1E3E72A48700A00C24245 /* ViewModels */,
				CDF1E3E62A486FFC00C24245 /* Models */,
				CDF1E3BC2A486FE800C24245 /* shruk_applicationApp.swift */,
				CDF1E3BE2A486FE800C24245 /* ContentView.swift */,
				CDF1E3C02A486FE800C24245 /* Assets.xcassets */,
				CDF1E3C22A486FE800C24245 /* Preview Content */,
				CDF1E3ED2A4870FD00C24245 /* SwiftUi + Ext.swift */,
			);
			path = shruk_application;
			sourceTree = "<group>";
		};
		CDF1E3C22A486FE800C24245 /* Preview Content */ = {
			isa = PBXGroup;
			children = (
				CDF1E3C32A486FE800C24245 /* Preview Assets.xcassets */,
			);
			path = "Preview Content";
			sourceTree = "<group>";
		};
		CDF1E3CC2A486FE900C24245 /* shruk_applicationTests */ = {
			isa = PBXGroup;
			children = (
				CDF1E3CD2A486FE900C24245 /* shruk_applicationTests.swift */,
			);
			path = shruk_applicationTests;
			sourceTree = "<group>";
		};
		CDF1E3D62A486FE900C24245 /* shruk_applicationUITests */ = {
			isa = PBXGroup;
			children = (
				CDF1E3D72A486FE900C24245 /* shruk_applicationUITests.swift */,
				CDF1E3D92A486FE900C24245 /* shruk_applicationUITestsLaunchTests.swift */,
			);
			path = shruk_applicationUITests;
			sourceTree = "<group>";
		};
		CDF1E3E62A486FFC00C24245 /* Models */ = {
			isa = PBXGroup;
			children = (
				CDF1E3E92A48702100C24245 /* CellModel.swift */,
			);
			path = Models;
			sourceTree = "<group>";
		};
		CDF1E3E72A48700A00C24245 /* ViewModels */ = {
			isa = PBXGroup;
			children = (
				CDF1E3EB2A48709700C24245 /* CellViewModel.swift */,
			);
			path = ViewModels;
			sourceTree = "<group>";
		};
		CDF1E3E82A48701200C24245 /* Views */ = {
			isa = PBXGroup;
			children = (
			);
			path = Views;
			sourceTree = "<group>";
		};
/* End PBXGroup section */

/* Begin PBXNativeTarget section */
		CDF1E3B82A486FE800C24245 /* shruk_application */ = {
			isa = PBXNativeTarget;
			buildConfigurationList = CDF1E3DD2A486FE900C24245 /* Build configuration list for PBXNativeTarget "shruk_application" */;
			buildPhases = (
				CDF1E3B52A486FE800C24245 /* Sources */,
				CDF1E3B62A486FE800C24245 /* Frameworks */,
				CDF1E3B72A486FE800C24245 /* Resources */,
			);
			buildRules = (
			);
			dependencies = (
			);
			name = shruk_application;
			productName = shruk_application;
			productReference = CDF1E3B92A486FE800C24245 /* shruk_application.app */;
			productType = "com.apple.product-type.application";
		};
		CDF1E3C82A486FE800C24245 /* shruk_applicationTests */ = {
			isa = PBXNativeTarget;
			buildConfigurationList = CDF1E3E02A486FE900C24245 /* Build configuration list for PBXNativeTarget "shruk_applicationTests" */;
			buildPhases = (
				CDF1E3C52A486FE800C24245 /* Sources */,
				CDF1E3C62A486FE800C24245 /* Frameworks */,
				CDF1E3C72A486FE800C24245 /* Resources */,
			);
			buildRules = (
			);
			dependencies = (
				CDF1E3CB2A486FE800C24245 /* PBXTargetDependency */,
			);
			name = shruk_applicationTests;
			productName = shruk_applicationTests;
			productReference = CDF1E3C92A486FE800C24245 /* shruk_applicationTests.xctest */;
			productType = "com.apple.product-type.bundle.unit-test";
		};
		CDF1E3D22A486FE900C24245 /* shruk_applicationUITests */ = {
			isa = PBXNativeTarget;
			buildConfigurationList = CDF1E3E32A486FE900C24245 /* Build configuration list for PBXNativeTarget "shruk_applicationUITests" */;
			buildPhases = (
				CDF1E3CF2A486FE900C24245 /* Sources */,
				CDF1E3D02A486FE900C24245 /* Frameworks */,
				CDF1E3D12A486FE900C24245 /* Resources */,
			);
			buildRules = (
			);
			dependencies = (
				CDF1E3D52A486FE900C24245 /* PBXTargetDependency */,
			);
			name = shruk_applicationUITests;
			productName = shruk_applicationUITests;
			productReference = CDF1E3D32A486FE900C24245 /* shruk_applicationUITests.xctest */;
			productType = "com.apple.product-type.bundle.ui-testing";
		};
/* End PBXNativeTarget section */

/* Begin PBXProject section */
		CDF1E3B12A486FE800C24245 /* Project object */ = {
			isa = PBXProject;
			attributes = {
				BuildIndependentTargetsInParallel = 1;
				LastSwiftUpdateCheck = 1430;
				LastUpgradeCheck = 1430;
				TargetAttributes = {
					CDF1E3B82A486FE800C24245 = {
						CreatedOnToolsVersion = 14.3.1;
					};
					CDF1E3C82A486FE800C24245 = {
						CreatedOnToolsVersion = 14.3.1;
						TestTargetID = CDF1E3B82A486FE800C24245;
					};
					CDF1E3D22A486FE900C24245 = {
						CreatedOnToolsVersion = 14.3.1;
						TestTargetID = CDF1E3B82A486FE800C24245;
					};
				};
			};
			buildConfigurationList = CDF1E3B42A486FE800C24245 /* Build configuration list for PBXProject "shruk_application" */;
			compatibilityVersion = "Xcode 14.0";
			developmentRegion = en;
			hasScannedForEncodings = 0;
			knownRegions = (
				en,
				Base,
			);
			mainGroup = CDF1E3B02A486FE800C24245;
			productRefGroup = CDF1E3BA2A486FE800C24245 /* Products */;
			projectDirPath = "";
			projectRoot = "";
			targets = (
				CDF1E3B82A486FE800C24245 /* shruk_application */,
				CDF1E3C82A486FE800C24245 /* shruk_applicationTests */,
				CDF1E3D22A486FE900C24245 /* shruk_applicationUITests */,
			);
		};
/* End PBXProject section */

/* Begin PBXResourcesBuildPhase section */
		CDF1E3B72A486FE800C24245 /* Resources */ = {
			isa = PBXResourcesBuildPhase;
			buildActionMask = 2147483647;
			files = (
				CDF1E3C42A486FE800C24245 /* Preview Assets.xcassets in Resources */,
				CDF1E3C12A486FE800C24245 /* Assets.xcassets in Resources */,
			);
			runOnlyForDeploymentPostprocessing = 0;
		};
		CDF1E3C72A486FE800C24245 /* Resources */ = {
			isa = PBXResourcesBuildPhase;
			buildActionMask = 2147483647;
			files = (
			);
			runOnlyForDeploymentPostprocessing = 0;
		};
		CDF1E3D12A486FE900C24245 /* Resources */ = {
			isa = PBXResourcesBuildPhase;
			buildActionMask = 2147483647;
			files = (
			);
			runOnlyForDeploymentPostprocessing = 0;
		};
/* End PBXResourcesBuildPhase section */

/* Begin PBXSourcesBuildPhase section */
		CDF1E3B52A486FE800C24245 /* Sources */ = {
			isa = PBXSourcesBuildPhase;
			buildActionMask = 2147483647;
			files = (
				CDF1E3BF2A486FE800C24245 /* ContentView.swift in Sources */,
				CDF1E3BD2A486FE800C24245 /* shruk_applicationApp.swift in Sources */,
				CDF1E3EC2A48709700C24245 /* CellViewModel.swift in Sources */,
				CDF1E3EE2A4870FD00C24245 /* SwiftUi + Ext.swift in Sources */,
				CDF1E3EA2A48702100C24245 /* CellModel.swift in Sources */,
			);
			runOnlyForDeploymentPostprocessing = 0;
		};
		CDF1E3C52A486FE800C24245 /* Sources */ = {
			isa = PBXSourcesBuildPhase;
			buildActionMask = 2147483647;
			files = (
				CDF1E3CE2A486FE900C24245 /* shruk_applicationTests.swift in Sources */,
			);
			runOnlyForDeploymentPostprocessing = 0;
		};
		CDF1E3CF2A486FE900C24245 /* Sources */ = {
			isa = PBXSourcesBuildPhase;
			buildActionMask = 2147483647;
			files = (
				CDF1E3D82A486FE900C24245 /* shruk_applicationUITests.swift in Sources */,
				CDF1E3DA2A486FE900C24245 /* shruk_applicationUITestsLaunchTests.swift in Sources */,
			);
			runOnlyForDeploymentPostprocessing = 0;
		};
/* End PBXSourcesBuildPhase section */

/* Begin PBXTargetDependency section */
		CDF1E3CB2A486FE800C24245 /* PBXTargetDependency */ = {
			isa = PBXTargetDependency;
			target = CDF1E3B82A486FE800C24245 /* shruk_application */;
			targetProxy = CDF1E3CA2A486FE800C24245 /* PBXContainerItemProxy */;
		};
		CDF1E3D52A486FE900C24245 /* PBXTargetDependency */ = {
			isa = PBXTargetDependency;
			target = CDF1E3B82A486FE800C24245 /* shruk_application */;
			targetProxy = CDF1E3D42A486FE900C24245 /* PBXContainerItemProxy */;
		};
/* End PBXTargetDependency section */

/* Begin XCBuildConfiguration section */
		CDF1E3DB2A486FE900C24245 /* Debug */ = {
			isa = XCBuildConfiguration;
			buildSettings = {
				ALWAYS_SEARCH_USER_PATHS = NO;
				CLANG_ANALYZER_NONNULL = YES;
				CLANG_ANALYZER_NUMBER_OBJECT_CONVERSION = YES_AGGRESSIVE;
				CLANG_CXX_LANGUAGE_STANDARD = "gnu++20";
				CLANG_ENABLE_MODULES = YES;
				CLANG_ENABLE_OBJC_ARC = YES;
				CLANG_ENABLE_OBJC_WEAK = YES;
				CLANG_WARN_BLOCK_CAPTURE_AUTORELEASING = YES;
				CLANG_WARN_BOOL_CONVERSION = YES;
				CLANG_WARN_COMMA = YES;
				CLANG_WARN_CONSTANT_CONVERSION = YES;
				CLANG_WARN_DEPRECATED_OBJC_IMPLEMENTATIONS = YES;
				CLANG_WARN_DIRECT_OBJC_ISA_USAGE = YES_ERROR;
				CLANG_WARN_DOCUMENTATION_COMMENTS = YES;
				CLANG_WARN_EMPTY_BODY = YES;
				CLANG_WARN_ENUM_CONVERSION = YES;
				CLANG_WARN_INFINITE_RECURSION = YES;
				CLANG_WARN_INT_CONVERSION = YES;
				CLANG_WARN_NON_LITERAL_NULL_CONVERSION = YES;
				CLANG_WARN_OBJC_IMPLICIT_RETAIN_SELF = YES;
				CLANG_WARN_OBJC_LITERAL_CONVERSION = YES;
				CLANG_WARN_OBJC_ROOT_CLASS = YES_ERROR;
				CLANG_WARN_QUOTED_INCLUDE_IN_FRAMEWORK_HEADER = YES;
				CLANG_WARN_RANGE_LOOP_ANALYSIS = YES;
				CLANG_WARN_STRICT_PROTOTYPES = YES;
				CLANG_WARN_SUSPICIOUS_MOVE = YES;
				CLANG_WARN_UNGUARDED_AVAILABILITY = YES_AGGRESSIVE;
				CLANG_WARN_UNREACHABLE_CODE = YES;
				CLANG_WARN__DUPLICATE_METHOD_MATCH = YES;
				COPY_PHASE_STRIP = NO;
				DEBUG_INFORMATION_FORMAT = dwarf;
				ENABLE_STRICT_OBJC_MSGSEND = YES;
				ENABLE_TESTABILITY = YES;
				GCC_C_LANGUAGE_STANDARD = gnu11;
				GCC_DYNAMIC_NO_PIC = NO;
				GCC_NO_COMMON_BLOCKS = YES;
				GCC_OPTIMIZATION_LEVEL = 0;
				GCC_PREPROCESSOR_DEFINITIONS = (
					"DEBUG=1",
					"$(inherited)",
				);
				GCC_WARN_64_TO_32_BIT_CONVERSION = YES;
				GCC_WARN_ABOUT_RETURN_TYPE = YES_ERROR;
				GCC_WARN_UNDECLARED_SELECTOR = YES;
				GCC_WARN_UNINITIALIZED_AUTOS = YES_AGGRESSIVE;
				GCC_WARN_UNUSED_FUNCTION = YES;
				GCC_WARN_UNUSED_VARIABLE = YES;
				IPHONEOS_DEPLOYMENT_TARGET = 16.4;
				MTL_ENABLE_DEBUG_INFO = INCLUDE_SOURCE;
				MTL_FAST_MATH = YES;
				ONLY_ACTIVE_ARCH = YES;
				SDKROOT = iphoneos;
				SWIFT_ACTIVE_COMPILATION_CONDITIONS = DEBUG;
				SWIFT_OPTIMIZATION_LEVEL = "-Onone";
			};
			name = Debug;
		};
		CDF1E3DC2A486FE900C24245 /* Release */ = {
			isa = XCBuildConfiguration;
			buildSettings = {
				ALWAYS_SEARCH_USER_PATHS = NO;
				CLANG_ANALYZER_NONNULL = YES;
				CLANG_ANALYZER_NUMBER_OBJECT_CONVERSION = YES_AGGRESSIVE;
				CLANG_CXX_LANGUAGE_STANDARD = "gnu++20";
				CLANG_ENABLE_MODULES = YES;
				CLANG_ENABLE_OBJC_ARC = YES;
				CLANG_ENABLE_OBJC_WEAK = YES;
				CLANG_WARN_BLOCK_CAPTURE_AUTORELEASING = YES;
				CLANG_WARN_BOOL_CONVERSION = YES;
				CLANG_WARN_COMMA = YES;
				CLANG_WARN_CONSTANT_CONVERSION = YES;
				CLANG_WARN_DEPRECATED_OBJC_IMPLEMENTATIONS = YES;
				CLANG_WARN_DIRECT_OBJC_ISA_USAGE = YES_ERROR;
				CLANG_WARN_DOCUMENTATION_COMMENTS = YES;
				CLANG_WARN_EMPTY_BODY = YES;
				CLANG_WARN_ENUM_CONVERSION = YES;
				CLANG_WARN_INFINITE_RECURSION = YES;
				CLANG_WARN_INT_CONVERSION = YES;
				CLANG_WARN_NON_LITERAL_NULL_CONVERSION = YES;
				CLANG_WARN_OBJC_IMPLICIT_RETAIN_SELF = YES;
				CLANG_WARN_OBJC_LITERAL_CONVERSION = YES;
				CLANG_WARN_OBJC_ROOT_CLASS = YES_ERROR;
				CLANG_WARN_QUOTED_INCLUDE_IN_FRAMEWORK_HEADER = YES;
				CLANG_WARN_RANGE_LOOP_ANALYSIS = YES;
				CLANG_WARN_STRICT_PROTOTYPES = YES;
				CLANG_WARN_SUSPICIOUS_MOVE = YES;
				CLANG_WARN_UNGUARDED_AVAILABILITY = YES_AGGRESSIVE;
				CLANG_WARN_UNREACHABLE_CODE = YES;
				CLANG_WARN__DUPLICATE_METHOD_MATCH = YES;
				COPY_PHASE_STRIP = NO;
				DEBUG_INFORMATION_FORMAT = "dwarf-with-dsym";
				ENABLE_NS_ASSERTIONS = NO;
				ENABLE_STRICT_OBJC_MSGSEND = YES;
				GCC_C_LANGUAGE_STANDARD = gnu11;
				GCC_NO_COMMON_BLOCKS = YES;
				GCC_WARN_64_TO_32_BIT_CONVERSION = YES;
				GCC_WARN_ABOUT_RETURN_TYPE = YES_ERROR;
				GCC_WARN_UNDECLARED_SELECTOR = YES;
				GCC_WARN_UNINITIALIZED_AUTOS = YES_AGGRESSIVE;
				GCC_WARN_UNUSED_FUNCTION = YES;
				GCC_WARN_UNUSED_VARIABLE = YES;
				IPHONEOS_DEPLOYMENT_TARGET = 16.4;
				MTL_ENABLE_DEBUG_INFO = NO;
				MTL_FAST_MATH = YES;
				SDKROOT = iphoneos;
				SWIFT_COMPILATION_MODE = wholemodule;
				SWIFT_OPTIMIZATION_LEVEL = "-O";
				VALIDATE_PRODUCT = YES;
			};
			name = Release;
		};
		CDF1E3DE2A486FE900C24245 /* Debug */ = {
			isa = XCBuildConfiguration;
			buildSettings = {
				ASSETCATALOG_COMPILER_APPICON_NAME = AppIcon;
				ASSETCATALOG_COMPILER_GLOBAL_ACCENT_COLOR_NAME = AccentColor;
				CODE_SIGN_STYLE = Automatic;
				CURRENT_PROJECT_VERSION = 1;
				DEVELOPMENT_ASSET_PATHS = "\"shruk_application/Preview Content\"";
				DEVELOPMENT_TEAM = 7322P8B74H;
				ENABLE_PREVIEWS = YES;
				GENERATE_INFOPLIST_FILE = YES;
				INFOPLIST_KEY_UIApplicationSceneManifest_Generation = YES;
				INFOPLIST_KEY_UIApplicationSupportsIndirectInputEvents = YES;
				INFOPLIST_KEY_UILaunchScreen_Generation = YES;
				INFOPLIST_KEY_UISupportedInterfaceOrientations_iPad = "UIInterfaceOrientationPortrait UIInterfaceOrientationPortraitUpsideDown UIInterfaceOrientationLandscapeLeft UIInterfaceOrientationLandscapeRight";
				INFOPLIST_KEY_UISupportedInterfaceOrientations_iPhone = "UIInterfaceOrientationPortrait UIInterfaceOrientationLandscapeLeft UIInterfaceOrientationLandscapeRight";
				LD_RUNPATH_SEARCH_PATHS = (
					"$(inherited)",
					"@executable_path/Frameworks",
				);
				MARKETING_VERSION = 1.0;
				PRODUCT_BUNDLE_IDENTIFIER = "yahorhreben.shruk-application";
				PRODUCT_NAME = "$(TARGET_NAME)";
				SWIFT_EMIT_LOC_STRINGS = YES;
				SWIFT_VERSION = 5.0;
				TARGETED_DEVICE_FAMILY = "1,2";
			};
			name = Debug;
		};
		CDF1E3DF2A486FE900C24245 /* Release */ = {
			isa = XCBuildConfiguration;
			buildSettings = {
				ASSETCATALOG_COMPILER_APPICON_NAME = AppIcon;
				ASSETCATALOG_COMPILER_GLOBAL_ACCENT_COLOR_NAME = AccentColor;
				CODE_SIGN_STYLE = Automatic;
				CURRENT_PROJECT_VERSION = 1;
				DEVELOPMENT_ASSET_PATHS = "\"shruk_application/Preview Content\"";
				DEVELOPMENT_TEAM = 7322P8B74H;
				ENABLE_PREVIEWS = YES;
				GENERATE_INFOPLIST_FILE = YES;
				INFOPLIST_KEY_UIApplicationSceneManifest_Generation = YES;
				INFOPLIST_KEY_UIApplicationSupportsIndirectInputEvents = YES;
				INFOPLIST_KEY_UILaunchScreen_Generation = YES;
				INFOPLIST_KEY_UISupportedInterfaceOrientations_iPad = "UIInterfaceOrientationPortrait UIInterfaceOrientationPortraitUpsideDown UIInterfaceOrientationLandscapeLeft UIInterfaceOrientationLandscapeRight";
				INFOPLIST_KEY_UISupportedInterfaceOrientations_iPhone = "UIInterfaceOrientationPortrait UIInterfaceOrientationLandscapeLeft UIInterfaceOrientationLandscapeRight";
				LD_RUNPATH_SEARCH_PATHS = (
					"$(inherited)",
					"@executable_path/Frameworks",
				);
				MARKETING_VERSION = 1.0;
				PRODUCT_BUNDLE_IDENTIFIER = "yahorhreben.shruk-application";
				PRODUCT_NAME = "$(TARGET_NAME)";
				SWIFT_EMIT_LOC_STRINGS = YES;
				SWIFT_VERSION = 5.0;
				TARGETED_DEVICE_FAMILY = "1,2";
			};
			name = Release;
		};
		CDF1E3E12A486FE900C24245 /* Debug */ = {
			isa = XCBuildConfiguration;
			buildSettings = {
				ALWAYS_EMBED_SWIFT_STANDARD_LIBRARIES = YES;
				BUNDLE_LOADER = "$(TEST_HOST)";
				CODE_SIGN_STYLE = Automatic;
				CURRENT_PROJECT_VERSION = 1;
				DEVELOPMENT_TEAM = 7322P8B74H;
				GENERATE_INFOPLIST_FILE = YES;
				IPHONEOS_DEPLOYMENT_TARGET = 16.4;
				MARKETING_VERSION = 1.0;
				PRODUCT_BUNDLE_IDENTIFIER = "yahorhreben.shruk-applicationTests";
				PRODUCT_NAME = "$(TARGET_NAME)";
				SWIFT_EMIT_LOC_STRINGS = NO;
				SWIFT_VERSION = 5.0;
				TARGETED_DEVICE_FAMILY = "1,2";
				TEST_HOST = "$(BUILT_PRODUCTS_DIR)/shruk_application.app/$(BUNDLE_EXECUTABLE_FOLDER_PATH)/shruk_application";
			};
			name = Debug;
		};
		CDF1E3E22A486FE900C24245 /* Release */ = {
			isa = XCBuildConfiguration;
			buildSettings = {
				ALWAYS_EMBED_SWIFT_STANDARD_LIBRARIES = YES;
				BUNDLE_LOADER = "$(TEST_HOST)";
				CODE_SIGN_STYLE = Automatic;
				CURRENT_PROJECT_VERSION = 1;
				DEVELOPMENT_TEAM = 7322P8B74H;
				GENERATE_INFOPLIST_FILE = YES;
				IPHONEOS_DEPLOYMENT_TARGET = 16.4;
				MARKETING_VERSION = 1.0;
				PRODUCT_BUNDLE_IDENTIFIER = "yahorhreben.shruk-applicationTests";
				PRODUCT_NAME = "$(TARGET_NAME)";
				SWIFT_EMIT_LOC_STRINGS = NO;
				SWIFT_VERSION = 5.0;
				TARGETED_DEVICE_FAMILY = "1,2";
				TEST_HOST = "$(BUILT_PRODUCTS_DIR)/shruk_application.app/$(BUNDLE_EXECUTABLE_FOLDER_PATH)/shruk_application";
			};
			name = Release;
		};
		CDF1E3E42A486FE900C24245 /* Debug */ = {
			isa = XCBuildConfiguration;
			buildSettings = {
				ALWAYS_EMBED_SWIFT_STANDARD_LIBRARIES = YES;
				CODE_SIGN_STYLE = Automatic;
				CURRENT_PROJECT_VERSION = 1;
				DEVELOPMENT_TEAM = 7322P8B74H;
				GENERATE_INFOPLIST_FILE = YES;
				MARKETING_VERSION = 1.0;
				PRODUCT_BUNDLE_IDENTIFIER = "yahorhreben.shruk-applicationUITests";
				PRODUCT_NAME = "$(TARGET_NAME)";
				SWIFT_EMIT_LOC_STRINGS = NO;
				SWIFT_VERSION = 5.0;
				TARGETED_DEVICE_FAMILY = "1,2";
				TEST_TARGET_NAME = shruk_application;
			};
			name = Debug;
		};
		CDF1E3E52A486FE900C24245 /* Release */ = {
			isa = XCBuildConfiguration;
			buildSettings = {
				ALWAYS_EMBED_SWIFT_STANDARD_LIBRARIES = YES;
				CODE_SIGN_STYLE = Automatic;
				CURRENT_PROJECT_VERSION = 1;
				DEVELOPMENT_TEAM = 7322P8B74H;
				GENERATE_INFOPLIST_FILE = YES;
				MARKETING_VERSION = 1.0;
				PRODUCT_BUNDLE_IDENTIFIER = "yahorhreben.shruk-applicationUITests";
				PRODUCT_NAME = "$(TARGET_NAME)";
				SWIFT_EMIT_LOC_STRINGS = NO;
				SWIFT_VERSION = 5.0;
				TARGETED_DEVICE_FAMILY = "1,2";
				TEST_TARGET_NAME = shruk_application;
			};
			name = Release;
		};
/* End XCBuildConfiguration section */

/* Begin XCConfigurationList section */
		CDF1E3B42A486FE800C24245 /* Build configuration list for PBXProject "shruk_application" */ = {
			isa = XCConfigurationList;
			buildConfigurations = (
				CDF1E3DB2A486FE900C24245 /* Debug */,
				CDF1E3DC2A486FE900C24245 /* Release */,
			);
			defaultConfigurationIsVisible = 0;
			defaultConfigurationName = Release;
		};
		CDF1E3DD2A486FE900C24245 /* Build configuration list for PBXNativeTarget "shruk_application" */ = {
			isa = XCConfigurationList;
			buildConfigurations = (
				CDF1E3DE2A486FE900C24245 /* Debug */,
				CDF1E3DF2A486FE900C24245 /* Release */,
			);
			defaultConfigurationIsVisible = 0;
			defaultConfigurationName = Release;
		};
		CDF1E3E02A486FE900C24245 /* Build configuration list for PBXNativeTarget "shruk_applicationTests" */ = {
			isa = XCConfigurationList;
			buildConfigurations = (
				CDF1E3E12A486FE900C24245 /* Debug */,
				CDF1E3E22A486FE900C24245 /* Release */,
			);
			defaultConfigurationIsVisible = 0;
			defaultConfigurationName = Release;
		};
		CDF1E3E32A486FE900C24245 /* Build configuration list for PBXNativeTarget "shruk_applicationUITests" */ = {
			isa = XCConfigurationList;
			buildConfigurations = (
				CDF1E3E42A486FE900C24245 /* Debug */,
				CDF1E3E52A486FE900C24245 /* Release */,
			);
			defaultConfigurationIsVisible = 0;
			defaultConfigurationName = Release;
		};
/* End XCConfigurationList section */
	};
	rootObject = CDF1E3B12A486FE800C24245 /* Project object */;
}
