// !$*UTF8*$!
{
	archiveVersion = 1;
	classes = {
	};
	objectVersion = 56;
	objects = {

/* Begin PBXBuildFile section */
		5A016B242A65B6DA00692ACA /* LevelsView.swift in Sources */ = {isa = PBXBuildFile; fileRef = 5A016B232A65B6DA00692ACA /* LevelsView.swift */; };
		5A13411C2A52C1A7000122B3 /* StartView.swift in Sources */ = {isa = PBXBuildFile; fileRef = 5A13411B2A52C1A7000122B3 /* StartView.swift */; };
		5A13411E2A52C1E3000122B3 /* GameView.swift in Sources */ = {isa = PBXBuildFile; fileRef = 5A13411D2A52C1E3000122B3 /* GameView.swift */; };
		5A1341202A52C88E000122B3 /* ConfigurationView.swift in Sources */ = {isa = PBXBuildFile; fileRef = 5A13411F2A52C88E000122B3 /* ConfigurationView.swift */; };
		5AB059182A49FCD500682F95 /* UIScreen.swift in Sources */ = {isa = PBXBuildFile; fileRef = 5AB059172A49FCD500682F95 /* UIScreen.swift */; };
		5AC3E5402A5181B2003C9CD6 /* GameViewModel.swift in Sources */ = {isa = PBXBuildFile; fileRef = 5AC3E53F2A5181B2003C9CD6 /* GameViewModel.swift */; };
		5AC3E5422A518312003C9CD6 /* ButtonStyle.swift in Sources */ = {isa = PBXBuildFile; fileRef = 5AC3E5412A518312003C9CD6 /* ButtonStyle.swift */; };
		5AC3E5442A5183A5003C9CD6 /* CellItem.swift in Sources */ = {isa = PBXBuildFile; fileRef = 5AC3E5432A5183A5003C9CD6 /* CellItem.swift */; };
		5AD968B02A2C994100268AE7 /* SolveSumApp.swift in Sources */ = {isa = PBXBuildFile; fileRef = 5AD968AF2A2C994100268AE7 /* SolveSumApp.swift */; };
		5AD968B42A2C994200268AE7 /* Assets.xcassets in Resources */ = {isa = PBXBuildFile; fileRef = 5AD968B32A2C994200268AE7 /* Assets.xcassets */; };
		5AD968B72A2C994200268AE7 /* Preview Assets.xcassets in Resources */ = {isa = PBXBuildFile; fileRef = 5AD968B62A2C994200268AE7 /* Preview Assets.xcassets */; };
		5AEB38002A3A1B9C00BE51BC /* GameConfiguration.swift in Sources */ = {isa = PBXBuildFile; fileRef = 5AEB37FF2A3A1B9C00BE51BC /* GameConfiguration.swift */; };
		5AF6831D2A65B3A400489EB2 /* OperationView.swift in Sources */ = {isa = PBXBuildFile; fileRef = 5AF6831B2A658F7D00489EB2 /* OperationView.swift */; };
/* End PBXBuildFile section */

/* Begin PBXFileReference section */
		5A016B232A65B6DA00692ACA /* LevelsView.swift */ = {isa = PBXFileReference; lastKnownFileType = sourcecode.swift; path = LevelsView.swift; sourceTree = "<group>"; };
		5A13411B2A52C1A7000122B3 /* StartView.swift */ = {isa = PBXFileReference; lastKnownFileType = sourcecode.swift; path = StartView.swift; sourceTree = "<group>"; };
		5A13411D2A52C1E3000122B3 /* GameView.swift */ = {isa = PBXFileReference; lastKnownFileType = sourcecode.swift; path = GameView.swift; sourceTree = "<group>"; };
		5A13411F2A52C88E000122B3 /* ConfigurationView.swift */ = {isa = PBXFileReference; lastKnownFileType = sourcecode.swift; path = ConfigurationView.swift; sourceTree = "<group>"; };
		5AB059172A49FCD500682F95 /* UIScreen.swift */ = {isa = PBXFileReference; lastKnownFileType = sourcecode.swift; path = UIScreen.swift; sourceTree = "<group>"; };
		5AC3E53F2A5181B2003C9CD6 /* GameViewModel.swift */ = {isa = PBXFileReference; lastKnownFileType = sourcecode.swift; path = GameViewModel.swift; sourceTree = "<group>"; };
		5AC3E5412A518312003C9CD6 /* ButtonStyle.swift */ = {isa = PBXFileReference; lastKnownFileType = sourcecode.swift; path = ButtonStyle.swift; sourceTree = "<group>"; };
		5AC3E5432A5183A5003C9CD6 /* CellItem.swift */ = {isa = PBXFileReference; lastKnownFileType = sourcecode.swift; path = CellItem.swift; sourceTree = "<group>"; };
		5AD968AC2A2C994100268AE7 /* SolveSum.app */ = {isa = PBXFileReference; explicitFileType = wrapper.application; includeInIndex = 0; path = SolveSum.app; sourceTree = BUILT_PRODUCTS_DIR; };
		5AD968AF2A2C994100268AE7 /* SolveSumApp.swift */ = {isa = PBXFileReference; lastKnownFileType = sourcecode.swift; path = SolveSumApp.swift; sourceTree = "<group>"; };
		5AD968B32A2C994200268AE7 /* Assets.xcassets */ = {isa = PBXFileReference; lastKnownFileType = folder.assetcatalog; path = Assets.xcassets; sourceTree = "<group>"; };
		5AD968B62A2C994200268AE7 /* Preview Assets.xcassets */ = {isa = PBXFileReference; lastKnownFileType = folder.assetcatalog; path = "Preview Assets.xcassets"; sourceTree = "<group>"; };
		5AEB37FF2A3A1B9C00BE51BC /* GameConfiguration.swift */ = {isa = PBXFileReference; lastKnownFileType = sourcecode.swift; path = GameConfiguration.swift; sourceTree = "<group>"; };
		5AF6831B2A658F7D00489EB2 /* OperationView.swift */ = {isa = PBXFileReference; lastKnownFileType = sourcecode.swift; path = OperationView.swift; sourceTree = "<group>"; tabWidth = 4; usesTabs = 0; wrapsLines = 1; };
/* End PBXFileReference section */

/* Begin PBXFrameworksBuildPhase section */
		5AD968A92A2C994100268AE7 /* Frameworks */ = {
			isa = PBXFrameworksBuildPhase;
			buildActionMask = 2147483647;
			files = (
			);
			runOnlyForDeploymentPostprocessing = 0;
		};
/* End PBXFrameworksBuildPhase section */

/* Begin PBXGroup section */
		5AC3E53D2A51817D003C9CD6 /* ViewModels */ = {
			isa = PBXGroup;
			children = (
				5AC3E53F2A5181B2003C9CD6 /* GameViewModel.swift */,
			);
			path = ViewModels;
			sourceTree = "<group>";
		};
		5AC3E53E2A51818A003C9CD6 /* Views */ = {
			isa = PBXGroup;
			children = (
				5A13411B2A52C1A7000122B3 /* StartView.swift */,
				5A13411D2A52C1E3000122B3 /* GameView.swift */,
				5A13411F2A52C88E000122B3 /* ConfigurationView.swift */,
				5AF6831B2A658F7D00489EB2 /* OperationView.swift */,
				5A016B232A65B6DA00692ACA /* LevelsView.swift */,
			);
			path = Views;
			sourceTree = "<group>";
		};
		5AC3E5492A51861C003C9CD6 /* Models */ = {
			isa = PBXGroup;
			children = (
				5AC3E5432A5183A5003C9CD6 /* CellItem.swift */,
				5AC3E5412A518312003C9CD6 /* ButtonStyle.swift */,
				5AEB37FF2A3A1B9C00BE51BC /* GameConfiguration.swift */,
			);
			path = Models;
			sourceTree = "<group>";
		};
		5AD968A32A2C994100268AE7 = {
			isa = PBXGroup;
			children = (
				5AD968AE2A2C994100268AE7 /* SolveSum */,
				5AD968AD2A2C994100268AE7 /* Products */,
			);
			sourceTree = "<group>";
		};
		5AD968AD2A2C994100268AE7 /* Products */ = {
			isa = PBXGroup;
			children = (
				5AD968AC2A2C994100268AE7 /* SolveSum.app */,
			);
			name = Products;
			sourceTree = "<group>";
		};
		5AD968AE2A2C994100268AE7 /* SolveSum */ = {
			isa = PBXGroup;
			children = (
				5AD968AF2A2C994100268AE7 /* SolveSumApp.swift */,
				5AB059172A49FCD500682F95 /* UIScreen.swift */,
				5AC3E5492A51861C003C9CD6 /* Models */,
				5AC3E53D2A51817D003C9CD6 /* ViewModels */,
				5AC3E53E2A51818A003C9CD6 /* Views */,
				5AD968B32A2C994200268AE7 /* Assets.xcassets */,
				5AD968B52A2C994200268AE7 /* Preview Content */,
			);
			path = SolveSum;
			sourceTree = "<group>";
		};
		5AD968B52A2C994200268AE7 /* Preview Content */ = {
			isa = PBXGroup;
			children = (
				5AD968B62A2C994200268AE7 /* Preview Assets.xcassets */,
			);
			path = "Preview Content";
			sourceTree = "<group>";
		};
/* End PBXGroup section */

/* Begin PBXNativeTarget section */
		5AD968AB2A2C994100268AE7 /* SolveSum */ = {
			isa = PBXNativeTarget;
			buildConfigurationList = 5AD968BA2A2C994200268AE7 /* Build configuration list for PBXNativeTarget "SolveSum" */;
			buildPhases = (
				5AD968A82A2C994100268AE7 /* Sources */,
				5AD968A92A2C994100268AE7 /* Frameworks */,
				5AD968AA2A2C994100268AE7 /* Resources */,
			);
			buildRules = (
			);
			dependencies = (
			);
			name = SolveSum;
			productName = SolveSum;
			productReference = 5AD968AC2A2C994100268AE7 /* SolveSum.app */;
			productType = "com.apple.product-type.application";
		};
/* End PBXNativeTarget section */

/* Begin PBXProject section */
		5AD968A42A2C994100268AE7 /* Project object */ = {
			isa = PBXProject;
			attributes = {
				BuildIndependentTargetsInParallel = 1;
				LastSwiftUpdateCheck = 1430;
				LastUpgradeCheck = 1430;
				TargetAttributes = {
					5AD968AB2A2C994100268AE7 = {
						CreatedOnToolsVersion = 14.3;
					};
				};
			};
			buildConfigurationList = 5AD968A72A2C994100268AE7 /* Build configuration list for PBXProject "SolveSum" */;
			compatibilityVersion = "Xcode 14.0";
			developmentRegion = en;
			hasScannedForEncodings = 0;
			knownRegions = (
				en,
				Base,
			);
			mainGroup = 5AD968A32A2C994100268AE7;
			productRefGroup = 5AD968AD2A2C994100268AE7 /* Products */;
			projectDirPath = "";
			projectRoot = "";
			targets = (
				5AD968AB2A2C994100268AE7 /* SolveSum */,
			);
		};
/* End PBXProject section */

/* Begin PBXResourcesBuildPhase section */
		5AD968AA2A2C994100268AE7 /* Resources */ = {
			isa = PBXResourcesBuildPhase;
			buildActionMask = 2147483647;
			files = (
				5AD968B72A2C994200268AE7 /* Preview Assets.xcassets in Resources */,
				5AD968B42A2C994200268AE7 /* Assets.xcassets in Resources */,
			);
			runOnlyForDeploymentPostprocessing = 0;
		};
/* End PBXResourcesBuildPhase section */

/* Begin PBXSourcesBuildPhase section */
		5AD968A82A2C994100268AE7 /* Sources */ = {
			isa = PBXSourcesBuildPhase;
			buildActionMask = 2147483647;
			files = (
				5AEB38002A3A1B9C00BE51BC /* GameConfiguration.swift in Sources */,
				5A1341202A52C88E000122B3 /* ConfigurationView.swift in Sources */,
				5AF6831D2A65B3A400489EB2 /* OperationView.swift in Sources */,
				5AD968B02A2C994100268AE7 /* SolveSumApp.swift in Sources */,
				5A13411C2A52C1A7000122B3 /* StartView.swift in Sources */,
				5A13411E2A52C1E3000122B3 /* GameView.swift in Sources */,
				5AC3E5422A518312003C9CD6 /* ButtonStyle.swift in Sources */,
				5AC3E5402A5181B2003C9CD6 /* GameViewModel.swift in Sources */,
				5AB059182A49FCD500682F95 /* UIScreen.swift in Sources */,
				5AC3E5442A5183A5003C9CD6 /* CellItem.swift in Sources */,
				5A016B242A65B6DA00692ACA /* LevelsView.swift in Sources */,
			);
			runOnlyForDeploymentPostprocessing = 0;
		};
/* End PBXSourcesBuildPhase section */

/* Begin XCBuildConfiguration section */
		5AD968B82A2C994200268AE7 /* Debug */ = {
			isa = XCBuildConfiguration;
			buildSettings = {
				ALWAYS_SEARCH_USER_PATHS = NO;
				CLANG_ANALYZER_NONNULL = YES;
				CLANG_ANALYZER_NUMBER_OBJECT_CONVERSION = YES_AGGRESSIVE;
				CLANG_CXX_LANGUAGE_STANDARD = "gnu++20";
				CLANG_ENABLE_MODULES = YES;
				CLANG_ENABLE_OBJC_ARC = YES;
				CLANG_ENABLE_OBJC_WEAK = YES;
				CLANG_WARN_BLOCK_CAPTURE_AUTORELEASING = YES;
				CLANG_WARN_BOOL_CONVERSION = YES;
				CLANG_WARN_COMMA = YES;
				CLANG_WARN_CONSTANT_CONVERSION = YES;
				CLANG_WARN_DEPRECATED_OBJC_IMPLEMENTATIONS = YES;
				CLANG_WARN_DIRECT_OBJC_ISA_USAGE = YES_ERROR;
				CLANG_WARN_DOCUMENTATION_COMMENTS = YES;
				CLANG_WARN_EMPTY_BODY = YES;
				CLANG_WARN_ENUM_CONVERSION = YES;
				CLANG_WARN_INFINITE_RECURSION = YES;
				CLANG_WARN_INT_CONVERSION = YES;
				CLANG_WARN_NON_LITERAL_NULL_CONVERSION = YES;
				CLANG_WARN_OBJC_IMPLICIT_RETAIN_SELF = YES;
				CLANG_WARN_OBJC_LITERAL_CONVERSION = YES;
				CLANG_WARN_OBJC_ROOT_CLASS = YES_ERROR;
				CLANG_WARN_QUOTED_INCLUDE_IN_FRAMEWORK_HEADER = YES;
				CLANG_WARN_RANGE_LOOP_ANALYSIS = YES;
				CLANG_WARN_STRICT_PROTOTYPES = YES;
				CLANG_WARN_SUSPICIOUS_MOVE = YES;
				CLANG_WARN_UNGUARDED_AVAILABILITY = YES_AGGRESSIVE;
				CLANG_WARN_UNREACHABLE_CODE = YES;
				CLANG_WARN__DUPLICATE_METHOD_MATCH = YES;
				COPY_PHASE_STRIP = NO;
				DEBUG_INFORMATION_FORMAT = dwarf;
				ENABLE_STRICT_OBJC_MSGSEND = YES;
				ENABLE_TESTABILITY = YES;
				GCC_C_LANGUAGE_STANDARD = gnu11;
				GCC_DYNAMIC_NO_PIC = NO;
				GCC_NO_COMMON_BLOCKS = YES;
				GCC_OPTIMIZATION_LEVEL = 0;
				GCC_PREPROCESSOR_DEFINITIONS = (
					"DEBUG=1",
					"$(inherited)",
				);
				GCC_WARN_64_TO_32_BIT_CONVERSION = YES;
				GCC_WARN_ABOUT_RETURN_TYPE = YES_ERROR;
				GCC_WARN_UNDECLARED_SELECTOR = YES;
				GCC_WARN_UNINITIALIZED_AUTOS = YES_AGGRESSIVE;
				GCC_WARN_UNUSED_FUNCTION = YES;
				GCC_WARN_UNUSED_VARIABLE = YES;
				IPHONEOS_DEPLOYMENT_TARGET = 16.4;
				MTL_ENABLE_DEBUG_INFO = INCLUDE_SOURCE;
				MTL_FAST_MATH = YES;
				ONLY_ACTIVE_ARCH = YES;
				SDKROOT = iphoneos;
				SWIFT_ACTIVE_COMPILATION_CONDITIONS = DEBUG;
				SWIFT_OPTIMIZATION_LEVEL = "-Onone";
			};
			name = Debug;
		};
		5AD968B92A2C994200268AE7 /* Release */ = {
			isa = XCBuildConfiguration;
			buildSettings = {
				ALWAYS_SEARCH_USER_PATHS = NO;
				CLANG_ANALYZER_NONNULL = YES;
				CLANG_ANALYZER_NUMBER_OBJECT_CONVERSION = YES_AGGRESSIVE;
				CLANG_CXX_LANGUAGE_STANDARD = "gnu++20";
				CLANG_ENABLE_MODULES = YES;
				CLANG_ENABLE_OBJC_ARC = YES;
				CLANG_ENABLE_OBJC_WEAK = YES;
				CLANG_WARN_BLOCK_CAPTURE_AUTORELEASING = YES;
				CLANG_WARN_BOOL_CONVERSION = YES;
				CLANG_WARN_COMMA = YES;
				CLANG_WARN_CONSTANT_CONVERSION = YES;
				CLANG_WARN_DEPRECATED_OBJC_IMPLEMENTATIONS = YES;
				CLANG_WARN_DIRECT_OBJC_ISA_USAGE = YES_ERROR;
				CLANG_WARN_DOCUMENTATION_COMMENTS = YES;
				CLANG_WARN_EMPTY_BODY = YES;
				CLANG_WARN_ENUM_CONVERSION = YES;
				CLANG_WARN_INFINITE_RECURSION = YES;
				CLANG_WARN_INT_CONVERSION = YES;
				CLANG_WARN_NON_LITERAL_NULL_CONVERSION = YES;
				CLANG_WARN_OBJC_IMPLICIT_RETAIN_SELF = YES;
				CLANG_WARN_OBJC_LITERAL_CONVERSION = YES;
				CLANG_WARN_OBJC_ROOT_CLASS = YES_ERROR;
				CLANG_WARN_QUOTED_INCLUDE_IN_FRAMEWORK_HEADER = YES;
				CLANG_WARN_RANGE_LOOP_ANALYSIS = YES;
				CLANG_WARN_STRICT_PROTOTYPES = YES;
				CLANG_WARN_SUSPICIOUS_MOVE = YES;
				CLANG_WARN_UNGUARDED_AVAILABILITY = YES_AGGRESSIVE;
				CLANG_WARN_UNREACHABLE_CODE = YES;
				CLANG_WARN__DUPLICATE_METHOD_MATCH = YES;
				COPY_PHASE_STRIP = NO;
				DEBUG_INFORMATION_FORMAT = "dwarf-with-dsym";
				ENABLE_NS_ASSERTIONS = NO;
				ENABLE_STRICT_OBJC_MSGSEND = YES;
				GCC_C_LANGUAGE_STANDARD = gnu11;
				GCC_NO_COMMON_BLOCKS = YES;
				GCC_WARN_64_TO_32_BIT_CONVERSION = YES;
				GCC_WARN_ABOUT_RETURN_TYPE = YES_ERROR;
				GCC_WARN_UNDECLARED_SELECTOR = YES;
				GCC_WARN_UNINITIALIZED_AUTOS = YES_AGGRESSIVE;
				GCC_WARN_UNUSED_FUNCTION = YES;
				GCC_WARN_UNUSED_VARIABLE = YES;
				IPHONEOS_DEPLOYMENT_TARGET = 16.4;
				MTL_ENABLE_DEBUG_INFO = NO;
				MTL_FAST_MATH = YES;
				SDKROOT = iphoneos;
				SWIFT_COMPILATION_MODE = wholemodule;
				SWIFT_OPTIMIZATION_LEVEL = "-O";
				VALIDATE_PRODUCT = YES;
			};
			name = Release;
		};
		5AD968BB2A2C994200268AE7 /* Debug */ = {
			isa = XCBuildConfiguration;
			buildSettings = {
				ASSETCATALOG_COMPILER_APPICON_NAME = AppIcon;
				ASSETCATALOG_COMPILER_GLOBAL_ACCENT_COLOR_NAME = AccentColor;
				CODE_SIGN_STYLE = Automatic;
				CURRENT_PROJECT_VERSION = 1;
				DEVELOPMENT_ASSET_PATHS = "\"SolveSum/Preview Content\"";
				ENABLE_PREVIEWS = YES;
				GENERATE_INFOPLIST_FILE = YES;
				INFOPLIST_KEY_UIApplicationSceneManifest_Generation = YES;
				INFOPLIST_KEY_UIApplicationSupportsIndirectInputEvents = YES;
				INFOPLIST_KEY_UILaunchScreen_Generation = YES;
				INFOPLIST_KEY_UISupportedInterfaceOrientations_iPad = "UIInterfaceOrientationPortrait UIInterfaceOrientationPortraitUpsideDown UIInterfaceOrientationLandscapeLeft UIInterfaceOrientationLandscapeRight";
				INFOPLIST_KEY_UISupportedInterfaceOrientations_iPhone = "UIInterfaceOrientationPortrait UIInterfaceOrientationLandscapeLeft UIInterfaceOrientationLandscapeRight";
				LD_RUNPATH_SEARCH_PATHS = (
					"$(inherited)",
					"@executable_path/Frameworks",
				);
				MARKETING_VERSION = 1.0;
				PRODUCT_BUNDLE_IDENTIFIER = rct.SolveSum;
				PRODUCT_NAME = "$(TARGET_NAME)";
				SWIFT_EMIT_LOC_STRINGS = YES;
				SWIFT_VERSION = 5.0;
				TARGETED_DEVICE_FAMILY = "1,2";
			};
			name = Debug;
		};
		5AD968BC2A2C994200268AE7 /* Release */ = {
			isa = XCBuildConfiguration;
			buildSettings = {
				ASSETCATALOG_COMPILER_APPICON_NAME = AppIcon;
				ASSETCATALOG_COMPILER_GLOBAL_ACCENT_COLOR_NAME = AccentColor;
				CODE_SIGN_STYLE = Automatic;
				CURRENT_PROJECT_VERSION = 1;
				DEVELOPMENT_ASSET_PATHS = "\"SolveSum/Preview Content\"";
				ENABLE_PREVIEWS = YES;
				GENERATE_INFOPLIST_FILE = YES;
				INFOPLIST_KEY_UIApplicationSceneManifest_Generation = YES;
				INFOPLIST_KEY_UIApplicationSupportsIndirectInputEvents = YES;
				INFOPLIST_KEY_UILaunchScreen_Generation = YES;
				INFOPLIST_KEY_UISupportedInterfaceOrientations_iPad = "UIInterfaceOrientationPortrait UIInterfaceOrientationPortraitUpsideDown UIInterfaceOrientationLandscapeLeft UIInterfaceOrientationLandscapeRight";
				INFOPLIST_KEY_UISupportedInterfaceOrientations_iPhone = "UIInterfaceOrientationPortrait UIInterfaceOrientationLandscapeLeft UIInterfaceOrientationLandscapeRight";
				LD_RUNPATH_SEARCH_PATHS = (
					"$(inherited)",
					"@executable_path/Frameworks",
				);
				MARKETING_VERSION = 1.0;
				PRODUCT_BUNDLE_IDENTIFIER = rct.SolveSum;
				PRODUCT_NAME = "$(TARGET_NAME)";
				SWIFT_EMIT_LOC_STRINGS = YES;
				SWIFT_VERSION = 5.0;
				TARGETED_DEVICE_FAMILY = "1,2";
			};
			name = Release;
		};
/* End XCBuildConfiguration section */

/* Begin XCConfigurationList section */
		5AD968A72A2C994100268AE7 /* Build configuration list for PBXProject "SolveSum" */ = {
			isa = XCConfigurationList;
			buildConfigurations = (
				5AD968B82A2C994200268AE7 /* Debug */,
				5AD968B92A2C994200268AE7 /* Release */,
			);
			defaultConfigurationIsVisible = 0;
			defaultConfigurationName = Release;
		};
		5AD968BA2A2C994200268AE7 /* Build configuration list for PBXNativeTarget "SolveSum" */ = {
			isa = XCConfigurationList;
			buildConfigurations = (
				5AD968BB2A2C994200268AE7 /* Debug */,
				5AD968BC2A2C994200268AE7 /* Release */,
			);
			defaultConfigurationIsVisible = 0;
			defaultConfigurationName = Release;
		};
/* End XCConfigurationList section */
	};
	rootObject = 5AD968A42A2C994100268AE7 /* Project object */;
}
